
Microsoft Visual Studio Solution File, Format Version 12.00
# Visual Studio 15
VisualStudioVersion = 15.0.28010.2036
MinimumVisualStudioVersion = 10.0.40219.1
Project("{9A19103F-16F7-4668-BE54-9A1E7A4F7556}") = "SendAnyMessageToAnySQS", "SendAnyMessageToAnySQS\SendAnyMessageToAnySQS.csproj", "{2A577BD4-D685-4F97-8CB6-084FC5911254}"
EndProject
Project("{9A19103F-16F7-4668-BE54-9A1E7A4F7556}") = "SQS", "SQS\SQS.csproj", "{EA7D8348-4119-436E-908A-9626D6E60327}"
EndProject
Global
	GlobalSection(SolutionConfigurationPlatforms) = preSolution
		Debug|Any CPU = Debug|Any CPU
		Release|Any CPU = Release|Any CPU
	EndGlobalSection
	GlobalSection(ProjectConfigurationPlatforms) = postSolution
		{2A577BD4-D685-4F97-8CB6-084FC5911254}.Debug|Any CPU.ActiveCfg = Debug|Any CPU
		{2A577BD4-D685-4F97-8CB6-084FC5911254}.Debug|Any CPU.Build.0 = Debug|Any CPU
		{2A577BD4-D685-4F97-8CB6-084FC5911254}.Release|Any CPU.ActiveCfg = Release|Any CPU
		{2A577BD4-D685-4F97-8CB6-084FC5911254}.Release|Any CPU.Build.0 = Release|Any CPU
		{EA7D8348-4119-436E-908A-9626D6E60327}.Debug|Any CPU.ActiveCfg = Debug|Any CPU
		{EA7D8348-4119-436E-908A-9626D6E60327}.Debug|Any CPU.Build.0 = Debug|Any CPU
		{EA7D8348-4119-436E-908A-9626D6E60327}.Release|Any CPU.ActiveCfg = Release|Any CPU
		{EA7D8348-4119-436E-908A-9626D6E60327}.Release|Any CPU.Build.0 = Release|Any CPU
	EndGlobalSection
	GlobalSection(SolutionProperties) = preSolution
		HideSolutionNode = FALSE
	EndGlobalSection
	GlobalSection(ExtensibilityGlobals) = postSolution
		SolutionGuid = {18EFC9BF-F54D-4CD1-A0D3-5C82D4C01A45}
	EndGlobalSection
EndGlobal
